Microsoft Visual Studio Solution File, Format Version 11.00
# Visual Studio 2008

Project("{80C61661-093D-2BF1-C191-53A564091C83}") = "SpacePirates", "Assembly-CSharp.csproj", "{5BAEBCA9-830F-2F0D-5059-A4FDA07A7060}"
EndProject
Global
	GlobalSection(SolutionConfigurationPlatforms) = preSolution
		Debug|Any CPU = Debug|Any CPU
		Release|Any CPU = Release|Any CPU
	EndGlobalSection
	GlobalSection(ProjectConfigurationPlatforms) = postSolution
		{5BAEBCA9-830F-2F0D-5059-A4FDA07A7060}.Debug|Any CPU.ActiveCfg = Debug|Any CPU
		{5BAEBCA9-830F-2F0D-5059-A4FDA07A7060}.Debug|Any CPU.Build.0 = Debug|Any CPU
		{5BAEBCA9-830F-2F0D-5059-A4FDA07A7060}.Release|Any CPU.ActiveCfg = Release|Any CPU
		{5BAEBCA9-830F-2F0D-5059-A4FDA07A7060}.Release|Any CPU.Build.0 = Release|Any CPU
	EndGlobalSection
	GlobalSection(SolutionProperties) = preSolution
		HideSolutionNode = FALSE
	EndGlobalSection
	GlobalSection(MonoDevelopProperties) = preSolution
		StartupItem = Assembly-CSharp.csproj
	EndGlobalSection
EndGlobal
